
Microsoft Visual Studio Solution File, Format Version 12.00
# Visual Studio Version 16
VisualStudioVersion = 16.0.29403.142
MinimumVisualStudioVersion = 10.0.40219.1
Project("{9A19103F-16F7-4668-BE54-9A1E7A4F7556}") = "WebApplication3", "WebApplication3.csproj", "{FBC6A807-7020-4978-9DA9-4F42945AD352}"
EndProject
Project("{9A19103F-16F7-4668-BE54-9A1E7A4F7556}") = "NUnitTestProject1", "NUnitTestProject1\NUnitTestProject1.csproj", "{0B202328-8F93-433E-BD3C-62B11109B4E6}"
EndProject
Global
	GlobalSection(SolutionConfigurationPlatforms) = preSolution
		Debug|Any CPU = Debug|Any CPU
		Release|Any CPU = Release|Any CPU
	EndGlobalSection
	GlobalSection(ProjectConfigurationPlatforms) = postSolution
		{FBC6A807-7020-4978-9DA9-4F42945AD352}.Debug|Any CPU.ActiveCfg = Debug|Any CPU
		{FBC6A807-7020-4978-9DA9-4F42945AD352}.Debug|Any CPU.Build.0 = Debug|Any CPU
		{FBC6A807-7020-4978-9DA9-4F42945AD352}.Release|Any CPU.ActiveCfg = Release|Any CPU
		{FBC6A807-7020-4978-9DA9-4F42945AD352}.Release|Any CPU.Build.0 = Release|Any CPU
		{0B202328-8F93-433E-BD3C-62B11109B4E6}.Debug|Any CPU.ActiveCfg = Debug|Any CPU
		{0B202328-8F93-433E-BD3C-62B11109B4E6}.Debug|Any CPU.Build.0 = Debug|Any CPU
		{0B202328-8F93-433E-BD3C-62B11109B4E6}.Release|Any CPU.ActiveCfg = Release|Any CPU
		{0B202328-8F93-433E-BD3C-62B11109B4E6}.Release|Any CPU.Build.0 = Release|Any CPU
	EndGlobalSection
	GlobalSection(SolutionProperties) = preSolution
		HideSolutionNode = FALSE
	EndGlobalSection
	GlobalSection(ExtensibilityGlobals) = postSolution
		SolutionGuid = {A06F8BB9-1782-4CF1-A38C-3E100CF0F299}
	EndGlobalSection
EndGlobal
